
Microsoft Visual Studio Solution File, Format Version 12.00
# Visual Studio Version 17
VisualStudioVersion = 17.4.33205.214
MinimumVisualStudioVersion = 10.0.40219.1
Project("{888888A0-9F3D-457C-B088-3A5042F75D52}") = "Too_failidega_TARpv22_Rogovski", "Too_failidega_TARpv22_Rogovski.pyproj", "{3EC03657-53DB-4DD5-BEF1-BE732D2F8B1D}"
EndProject
Global
	GlobalSection(SolutionConfigurationPlatforms) = preSolution
		Debug|Any CPU = Debug|Any CPU
		Release|Any CPU = Release|Any CPU
	EndGlobalSection
	GlobalSection(ProjectConfigurationPlatforms) = postSolution
		{3EC03657-53DB-4DD5-BEF1-BE732D2F8B1D}.Debug|Any CPU.ActiveCfg = Debug|Any CPU
		{3EC03657-53DB-4DD5-BEF1-BE732D2F8B1D}.Release|Any CPU.ActiveCfg = Release|Any CPU
	EndGlobalSection
	GlobalSection(SolutionProperties) = preSolution
		HideSolutionNode = FALSE
	EndGlobalSection
	GlobalSection(ExtensibilityGlobals) = postSolution
		SolutionGuid = {E73F027A-2579-4DA4-9B7E-48F947C78394}
	EndGlobalSection
EndGlobal
